<?xml version="1.0" encoding="utf-8"?>
<Project ToolsVersion="4.0" xmlns="http://schemas.microsoft.com/developer/msbuild/2003">
  <ItemGroup>
    <Filter Include="Source Files">
      <UniqueIdentifier>{4FC737F1-C7A5-4376-A066-2A32D752A2FF}</UniqueIdentifier>
      <Extensions>cpp;c;cc;cxx;def;odl;idl;hpj;bat;asm;asmx</Extensions>
    </Filter>
    <Filter Include="Header Files">
      <UniqueIdentifier>{93995380-89BD-4b04-88EB-625FBE52EBFB}</UniqueIdentifier>
      <Extensions>h;hh;hpp;hxx;hm;inl;inc;xsd</Extensions>
    </Filter>
    <Filter Include="Resource Files">
      <UniqueIdentifier>{D9D6E242-F8AF-46E4-B9FD-80ECBC20BA3E}</UniqueIdentifier>
      <Extensions>qrc;*</Extensions>
      <ParseFiles>false</ParseFiles>
    </Filter>
    <Filter Include="Form Files">
      <UniqueIdentifier>{99349809-55BA-4b9d-BF79-8FDBB0286EB3}</UniqueIdentifier>
      <Extensions>ui</Extensions>
    </Filter>
    <Filter Include="Resource Files">
      <UniqueIdentifier>{D9D6E242-F8AF-46E4-B9FD-80ECBC20BA3E}</UniqueIdentifier>
      <Extensions>qrc;*</Extensions>
      <ParseFiles>false</ParseFiles>
    </Filter>
    <Filter Include="Generated Files">
      <UniqueIdentifier>{71ED8ED8-ACB9-4CE9-BBE1-E00B30144E11}</UniqueIdentifier>
      <Extensions>moc;h;cpp</Extensions>
      <SourceControlFiles>False</SourceControlFiles>
    </Filter>
  </ItemGroup>
  <ItemGroup>
    <ClCompile Include="main.cpp">
      <Filter>Source Files</Filter>
    </ClCompile>
    <ClCompile Include="FlashUpdata.cpp">
      <Filter>Source Files</Filter>
    </ClCompile>
    <ClCompile Include="SinSerial.cpp">
      <Filter>Source Files</Filter>
    </ClCompile>
    <ClCompile Include="FileConfigWidget.cpp">
      <Filter>Source Files</Filter>
    </ClCompile>
    <ClCompile Include="NetWorkConfigWidget.cpp">
      <Filter>Source Files</Filter>
    </ClCompile>
    <ClCompile Include="SerialConfigWidget.cpp">
      <Filter>Source Files</Filter>
    </ClCompile>
    <ClCompile Include="SinByte.cpp">
      <Filter>Source Files</Filter>
    </ClCompile>
    <ClCompile Include="SinTabWindow.cpp">
      <Filter>Source Files</Filter>
    </ClCompile>
    <ClCompile Include="ConfigDeployWidget.cpp">
      <Filter>Source Files</Filter>
    </ClCompile>
  </ItemGroup>
  <ItemGroup>
    <QtMoc Include="FlashUpdata.h">
      <Filter>Header Files</Filter>
    </QtMoc>
    <QtMoc Include="FileConfigWidget.h">
      <Filter>Header Files</Filter>
    </QtMoc>
    <QtMoc Include="NetWorkConfigWidget.h">
      <Filter>Header Files</Filter>
    </QtMoc>
    <QtMoc Include="SerialConfigWidget.h">
      <Filter>Header Files</Filter>
    </QtMoc>
    <QtMoc Include="SinTabWindow.h">
      <Filter>Header Files</Filter>
    </QtMoc>
  </ItemGroup>
  <ItemGroup>
    <QtUic Include="FlashUpdata.ui">
      <Filter>Form Files</Filter>
    </QtUic>
  </ItemGroup>
  <ItemGroup>
    <QtRcc Include="FlashUpdata.qrc">
      <Filter>Resource Files</Filter>
    </QtRcc>
  </ItemGroup>
  <ItemGroup>
    <ClInclude Include="SinSerial.h">
      <Filter>Header Files</Filter>
    </ClInclude>
    <ClInclude Include="CSingleTon.h">
      <Filter>Header Files</Filter>
    </ClInclude>
    <ClInclude Include="ComStruct.h">
      <Filter>Header Files</Filter>
    </ClInclude>
    <ClInclude Include="SinByte.h">
      <Filter>Header Files</Filter>
    </ClInclude>
    <ClInclude Include="ConfigDeployWidget.h">
      <Filter>Header Files</Filter>
    </ClInclude>
  </ItemGroup>
</Project>